
Microsoft Visual Studio Solution File, Format Version 12.00
# Visual Studio Version 17
VisualStudioVersion = 17.11.35327.3
MinimumVisualStudioVersion = 10.0.40219.1
Project("{FAE04EC0-301F-11D3-BF4B-00C04F79EFBC}") = "TaskFlow", "TaskFlow\TaskFlow.csproj", "{DD981EAB-64CB-4CE1-BC1A-403519B5DF5E}"
EndProject
Project("{FAE04EC0-301F-11D3-BF4B-00C04F79EFBC}") = "TaskFlow.Application", "TaskFlow.Application\TaskFlow.Application.csproj", "{A8827A34-DE7A-40A5-B1C0-B9FD1986EA33}"
EndProject
Project("{FAE04EC0-301F-11D3-BF4B-00C04F79EFBC}") = "TaskFlow.Domain", "TaskFlow.Domain\TaskFlow.Domain.csproj", "{BEEC8247-D8C4-4DDC-B10B-C83589D24B25}"
EndProject
Project("{FAE04EC0-301F-11D3-BF4B-00C04F79EFBC}") = "TaskFlow.Infrastracture", "TaskFlow.Infrastracture\TaskFlow.Infrastracture.csproj", "{268CE923-9024-410A-8D44-2C9977C64918}"
EndProject
Project("{FAE04EC0-301F-11D3-BF4B-00C04F79EFBC}") = "TaskFlow.Shared", "TaskFlow.Shared\TaskFlow.Shared.csproj", "{0AE2B29A-4A90-43F0-8F77-D502EB67D965}"
EndProject
Global
	GlobalSection(SolutionConfigurationPlatforms) = preSolution
		Debug|Any CPU = Debug|Any CPU
		Release|Any CPU = Release|Any CPU
	EndGlobalSection
	GlobalSection(ProjectConfigurationPlatforms) = postSolution
		{DD981EAB-64CB-4CE1-BC1A-403519B5DF5E}.Debug|Any CPU.ActiveCfg = Debug|Any CPU
		{DD981EAB-64CB-4CE1-BC1A-403519B5DF5E}.Debug|Any CPU.Build.0 = Debug|Any CPU
		{DD981EAB-64CB-4CE1-BC1A-403519B5DF5E}.Release|Any CPU.ActiveCfg = Release|Any CPU
		{DD981EAB-64CB-4CE1-BC1A-403519B5DF5E}.Release|Any CPU.Build.0 = Release|Any CPU
		{A8827A34-DE7A-40A5-B1C0-B9FD1986EA33}.Debug|Any CPU.ActiveCfg = Debug|Any CPU
		{A8827A34-DE7A-40A5-B1C0-B9FD1986EA33}.Debug|Any CPU.Build.0 = Debug|Any CPU
		{A8827A34-DE7A-40A5-B1C0-B9FD1986EA33}.Release|Any CPU.ActiveCfg = Release|Any CPU
		{A8827A34-DE7A-40A5-B1C0-B9FD1986EA33}.Release|Any CPU.Build.0 = Release|Any CPU
		{BEEC8247-D8C4-4DDC-B10B-C83589D24B25}.Debug|Any CPU.ActiveCfg = Debug|Any CPU
		{BEEC8247-D8C4-4DDC-B10B-C83589D24B25}.Debug|Any CPU.Build.0 = Debug|Any CPU
		{BEEC8247-D8C4-4DDC-B10B-C83589D24B25}.Release|Any CPU.ActiveCfg = Release|Any CPU
		{BEEC8247-D8C4-4DDC-B10B-C83589D24B25}.Release|Any CPU.Build.0 = Release|Any CPU
		{268CE923-9024-410A-8D44-2C9977C64918}.Debug|Any CPU.ActiveCfg = Debug|Any CPU
		{268CE923-9024-410A-8D44-2C9977C64918}.Debug|Any CPU.Build.0 = Debug|Any CPU
		{268CE923-9024-410A-8D44-2C9977C64918}.Release|Any CPU.ActiveCfg = Release|Any CPU
		{268CE923-9024-410A-8D44-2C9977C64918}.Release|Any CPU.Build.0 = Release|Any CPU
		{0AE2B29A-4A90-43F0-8F77-D502EB67D965}.Debug|Any CPU.ActiveCfg = Debug|Any CPU
		{0AE2B29A-4A90-43F0-8F77-D502EB67D965}.Debug|Any CPU.Build.0 = Debug|Any CPU
		{0AE2B29A-4A90-43F0-8F77-D502EB67D965}.Release|Any CPU.ActiveCfg = Release|Any CPU
		{0AE2B29A-4A90-43F0-8F77-D502EB67D965}.Release|Any CPU.Build.0 = Release|Any CPU
	EndGlobalSection
	GlobalSection(SolutionProperties) = preSolution
		HideSolutionNode = FALSE
	EndGlobalSection
	GlobalSection(ExtensibilityGlobals) = postSolution
		SolutionGuid = {61AE91AD-C443-4BC6-B32E-4691ECBCAC9F}
	EndGlobalSection
EndGlobal
